
Microsoft Visual Studio Solution File, Format Version 12.00
# Visual Studio Version 16
VisualStudioVersion = 16.0.30128.36
MinimumVisualStudioVersion = 10.0.40219.1
Project("{9A19103F-16F7-4668-BE54-9A1E7A4F7556}") = "MedTest", "MedTest\MedTest.csproj", "{1729EB55-0BAD-4CA5-81E3-605606F51304}"
EndProject
Project("{FAE04EC0-301F-11D3-BF4B-00C04F79EFBC}") = "songDecoderUnitTest", "songDecoderUnitTest\songDecoderUnitTest.csproj", "{CFF92866-DB2B-4E09-A97C-62A909C6C2CE}"
EndProject
Project("{FAE04EC0-301F-11D3-BF4B-00C04F79EFBC}") = "PhonbookUnitTest", "PhonbookUnitTest\PhonbookUnitTest.csproj", "{17A1B472-C7DA-4158-9710-2162A36890C5}"
EndProject
Global
	GlobalSection(SolutionConfigurationPlatforms) = preSolution
		Debug|Any CPU = Debug|Any CPU
		Release|Any CPU = Release|Any CPU
	EndGlobalSection
	GlobalSection(ProjectConfigurationPlatforms) = postSolution
		{1729EB55-0BAD-4CA5-81E3-605606F51304}.Debug|Any CPU.ActiveCfg = Debug|Any CPU
		{1729EB55-0BAD-4CA5-81E3-605606F51304}.Debug|Any CPU.Build.0 = Debug|Any CPU
		{1729EB55-0BAD-4CA5-81E3-605606F51304}.Release|Any CPU.ActiveCfg = Release|Any CPU
		{1729EB55-0BAD-4CA5-81E3-605606F51304}.Release|Any CPU.Build.0 = Release|Any CPU
		{CFF92866-DB2B-4E09-A97C-62A909C6C2CE}.Debug|Any CPU.ActiveCfg = Debug|Any CPU
		{CFF92866-DB2B-4E09-A97C-62A909C6C2CE}.Debug|Any CPU.Build.0 = Debug|Any CPU
		{CFF92866-DB2B-4E09-A97C-62A909C6C2CE}.Release|Any CPU.ActiveCfg = Release|Any CPU
		{CFF92866-DB2B-4E09-A97C-62A909C6C2CE}.Release|Any CPU.Build.0 = Release|Any CPU
		{17A1B472-C7DA-4158-9710-2162A36890C5}.Debug|Any CPU.ActiveCfg = Debug|Any CPU
		{17A1B472-C7DA-4158-9710-2162A36890C5}.Debug|Any CPU.Build.0 = Debug|Any CPU
		{17A1B472-C7DA-4158-9710-2162A36890C5}.Release|Any CPU.ActiveCfg = Release|Any CPU
		{17A1B472-C7DA-4158-9710-2162A36890C5}.Release|Any CPU.Build.0 = Release|Any CPU
	EndGlobalSection
	GlobalSection(SolutionProperties) = preSolution
		HideSolutionNode = FALSE
	EndGlobalSection
	GlobalSection(ExtensibilityGlobals) = postSolution
		SolutionGuid = {914C2954-74A3-4EF6-BEC0-69D0BBAF4EBE}
	EndGlobalSection
EndGlobal
